
Microsoft Visual Studio Solution File, Format Version 12.00
# Visual Studio Version 16
VisualStudioVersion = 16.0.30621.155
MinimumVisualStudioVersion = 10.0.40219.1
Project("{E24C65DC-7377-472B-9ABA-BC803B73C61A}") = "node-cloud", ".", "{13D6AFA1-F27C-4534-9775-1404BC76F155}"
	ProjectSection(WebsiteProperties) = preProject
		TargetFrameworkMoniker = ".NETFramework,Version%3Dv4.0"
		Debug.AspNetCompiler.VirtualPath = "/localhost_64740"
		Debug.AspNetCompiler.PhysicalPath = "..\node-cloud\"
		Debug.AspNetCompiler.TargetPath = "PrecompiledWeb\localhost_64740\"
		Debug.AspNetCompiler.Updateable = "true"
		Debug.AspNetCompiler.ForceOverwrite = "true"
		Debug.AspNetCompiler.FixedNames = "false"
		Debug.AspNetCompiler.Debug = "True"
		Release.AspNetCompiler.VirtualPath = "/localhost_64740"
		Release.AspNetCompiler.PhysicalPath = "..\node-cloud\"
		Release.AspNetCompiler.TargetPath = "PrecompiledWeb\localhost_64740\"
		Release.AspNetCompiler.Updateable = "true"
		Release.AspNetCompiler.ForceOverwrite = "true"
		Release.AspNetCompiler.FixedNames = "false"
		Release.AspNetCompiler.Debug = "False"
		VWDPort = "64740"
		SlnRelativePath = "..\node-cloud\"
	EndProjectSection
EndProject
Global
	GlobalSection(SolutionConfigurationPlatforms) = preSolution
		Debug|Any CPU = Debug|Any CPU
	EndGlobalSection
	GlobalSection(ProjectConfigurationPlatforms) = postSolution
		{13D6AFA1-F27C-4534-9775-1404BC76F155}.Debug|Any CPU.ActiveCfg = Debug|Any CPU
		{13D6AFA1-F27C-4534-9775-1404BC76F155}.Debug|Any CPU.Build.0 = Debug|Any CPU
	EndGlobalSection
	GlobalSection(SolutionProperties) = preSolution
		HideSolutionNode = FALSE
	EndGlobalSection
	GlobalSection(ExtensibilityGlobals) = postSolution
		SolutionGuid = {6669EE02-19B7-47B4-B416-4ECA8413DCF6}
	EndGlobalSection
EndGlobal
